
Microsoft Visual Studio Solution File, Format Version 12.00
# Visual Studio Version 17
VisualStudioVersion = 17.3.32929.385
MinimumVisualStudioVersion = 10.0.40219.1
Project("{9A19103F-16F7-4668-BE54-9A1E7A4F7556}") = "API", "API\API.csproj", "{9BF0A17C-EEEC-47E9-B0B7-4EAA874D7CCE}"
EndProject
Project("{9A19103F-16F7-4668-BE54-9A1E7A4F7556}") = "DAL", "DAL\DAL.csproj", "{4250974C-BE49-43B6-8C4C-C41C12A6F7AA}"
EndProject
Project("{FAE04EC0-301F-11D3-BF4B-00C04F79EFBC}") = "Common", "Common\Common.csproj", "{DA3BAEEB-94D2-4561-8019-7A3809C0BC97}"
EndProject
Global
	GlobalSection(SolutionConfigurationPlatforms) = preSolution
		Debug|Any CPU = Debug|Any CPU
		Release|Any CPU = Release|Any CPU
	EndGlobalSection
	GlobalSection(ProjectConfigurationPlatforms) = postSolution
		{9BF0A17C-EEEC-47E9-B0B7-4EAA874D7CCE}.Debug|Any CPU.ActiveCfg = Debug|Any CPU
		{9BF0A17C-EEEC-47E9-B0B7-4EAA874D7CCE}.Debug|Any CPU.Build.0 = Debug|Any CPU
		{9BF0A17C-EEEC-47E9-B0B7-4EAA874D7CCE}.Release|Any CPU.ActiveCfg = Release|Any CPU
		{9BF0A17C-EEEC-47E9-B0B7-4EAA874D7CCE}.Release|Any CPU.Build.0 = Release|Any CPU
		{4250974C-BE49-43B6-8C4C-C41C12A6F7AA}.Debug|Any CPU.ActiveCfg = Debug|Any CPU
		{4250974C-BE49-43B6-8C4C-C41C12A6F7AA}.Debug|Any CPU.Build.0 = Debug|Any CPU
		{4250974C-BE49-43B6-8C4C-C41C12A6F7AA}.Release|Any CPU.ActiveCfg = Release|Any CPU
		{4250974C-BE49-43B6-8C4C-C41C12A6F7AA}.Release|Any CPU.Build.0 = Release|Any CPU
		{DA3BAEEB-94D2-4561-8019-7A3809C0BC97}.Debug|Any CPU.ActiveCfg = Debug|Any CPU
		{DA3BAEEB-94D2-4561-8019-7A3809C0BC97}.Debug|Any CPU.Build.0 = Debug|Any CPU
		{DA3BAEEB-94D2-4561-8019-7A3809C0BC97}.Release|Any CPU.ActiveCfg = Release|Any CPU
		{DA3BAEEB-94D2-4561-8019-7A3809C0BC97}.Release|Any CPU.Build.0 = Release|Any CPU
	EndGlobalSection
	GlobalSection(SolutionProperties) = preSolution
		HideSolutionNode = FALSE
	EndGlobalSection
	GlobalSection(ExtensibilityGlobals) = postSolution
		SolutionGuid = {1C6696F5-61E2-476A-BD14-BA9D1DFC35AF}
	EndGlobalSection
EndGlobal
